
Microsoft Visual Studio Solution File, Format Version 12.00
# Visual Studio Version 16
VisualStudioVersion = 16.0.29728.190
MinimumVisualStudioVersion = 10.0.40219.1
Project("{FAE04EC0-301F-11D3-BF4B-00C04F79EFBC}") = "Stef.RedisTaskQueue", "Stef.RedisTaskQueue\Stef.RedisTaskQueue.csproj", "{5AD4E029-C4CD-4F2B-B557-0301A3A143C2}"
EndProject
Project("{FAE04EC0-301F-11D3-BF4B-00C04F79EFBC}") = "Stef.RedisDistributedLock", "Stef.RedisDistributedLock\Stef.RedisDistributedLock.csproj", "{6D45485F-D8AA-4EDD-AC6D-34A496E1650E}"
EndProject
Project("{FAE04EC0-301F-11D3-BF4B-00C04F79EFBC}") = "Stef.RedisInfrastructure", "Stef.RedisInfrastructure\Stef.RedisInfrastructure.csproj", "{D53C8BE6-8FA3-481F-AF40-188E6A055204}"
EndProject
Project("{FAE04EC0-301F-11D3-BF4B-00C04F79EFBC}") = "Stef.RedisTest", "Stef.RedisTest\Stef.RedisTest.csproj", "{2214C447-B6F9-4190-84AE-E415807D31EA}"
EndProject
Global
	GlobalSection(SolutionConfigurationPlatforms) = preSolution
		Debug|Any CPU = Debug|Any CPU
		Release|Any CPU = Release|Any CPU
	EndGlobalSection
	GlobalSection(ProjectConfigurationPlatforms) = postSolution
		{5AD4E029-C4CD-4F2B-B557-0301A3A143C2}.Debug|Any CPU.ActiveCfg = Debug|Any CPU
		{5AD4E029-C4CD-4F2B-B557-0301A3A143C2}.Debug|Any CPU.Build.0 = Debug|Any CPU
		{5AD4E029-C4CD-4F2B-B557-0301A3A143C2}.Release|Any CPU.ActiveCfg = Release|Any CPU
		{5AD4E029-C4CD-4F2B-B557-0301A3A143C2}.Release|Any CPU.Build.0 = Release|Any CPU
		{6D45485F-D8AA-4EDD-AC6D-34A496E1650E}.Debug|Any CPU.ActiveCfg = Debug|Any CPU
		{6D45485F-D8AA-4EDD-AC6D-34A496E1650E}.Debug|Any CPU.Build.0 = Debug|Any CPU
		{6D45485F-D8AA-4EDD-AC6D-34A496E1650E}.Release|Any CPU.ActiveCfg = Release|Any CPU
		{6D45485F-D8AA-4EDD-AC6D-34A496E1650E}.Release|Any CPU.Build.0 = Release|Any CPU
		{D53C8BE6-8FA3-481F-AF40-188E6A055204}.Debug|Any CPU.ActiveCfg = Debug|Any CPU
		{D53C8BE6-8FA3-481F-AF40-188E6A055204}.Debug|Any CPU.Build.0 = Debug|Any CPU
		{D53C8BE6-8FA3-481F-AF40-188E6A055204}.Release|Any CPU.ActiveCfg = Release|Any CPU
		{D53C8BE6-8FA3-481F-AF40-188E6A055204}.Release|Any CPU.Build.0 = Release|Any CPU
		{2214C447-B6F9-4190-84AE-E415807D31EA}.Debug|Any CPU.ActiveCfg = Debug|Any CPU
		{2214C447-B6F9-4190-84AE-E415807D31EA}.Debug|Any CPU.Build.0 = Debug|Any CPU
		{2214C447-B6F9-4190-84AE-E415807D31EA}.Release|Any CPU.ActiveCfg = Release|Any CPU
		{2214C447-B6F9-4190-84AE-E415807D31EA}.Release|Any CPU.Build.0 = Release|Any CPU
	EndGlobalSection
	GlobalSection(SolutionProperties) = preSolution
		HideSolutionNode = FALSE
	EndGlobalSection
	GlobalSection(ExtensibilityGlobals) = postSolution
		SolutionGuid = {3D42D6C8-AE18-4EBE-8BA2-B2F12BD81290}
	EndGlobalSection
EndGlobal
